{
  "lockfileVersion": 2,
  "configVersion": 1,
  "workspaces": {
    "": {
      "name": "nightmare-library",
      "dependencies": {
        "@aws-sdk/client-s3": "^3.1141.0",
        "@aws-sdk/s3-request-presigner": "^3.1141.0",
        "@libsql/client": "^0.15.4",
        "@supabase/supabase-js": "^2.117.2",
        "epubjs": "^0.3.93",
        "jszip": "^3.10.2",
        "next": "^15.3.2",
        "react": "^19.1.0",
        "react-dom": "^19.1.0",
      },
      "devDependencies": {
        "@types/node": "^22.15.0",
        "@types/react": "^19.1.0",
        "@types/react-dom": "^19.1.0",
        "typescript": "^5.8.3",
      },
    },
  },
  "packages": {
    "@aws-sdk/checksums": ["@aws-sdk/checksums@3.1001.1", "", { "dependencies": { "@aws-sdk/core": "^3.978.1", "@aws-sdk/types": "^3.974.6", "@smithy/core": "^3.35.0", "@smithy/types": "^4.19.0", "tslib": "^2.6.2" } }, "sha512-x12Q17KYlJAd3nKf8LV5LV0vt8sh8/6YfQLGPtrGnQf/tW4jqxPGq5GPpuVitpQYM3eUR4XB7CbxZf751NMbLw=="],

    "@aws-sdk/client-s3": ["@aws-sdk/client-s3@3.1141.0", "", { "dependencies": { "@aws-sdk/checksums": "^3.1001.1", "@aws-sdk/core": "^3.978.1", "@aws-sdk/credential-provider-node": "^3.972.84", "@aws-sdk/middleware-sdk-s3": "^3.972.77", "@aws-sdk/signature-v4-multi-region": "^3.996.47", "@aws-sdk/types": "^3.974.6", "@smithy/core": "^3.35.0", "@smithy/fetch-http-handler": "^5.8.0", "@smithy/node-http-handler": "^4.12.1", "@smithy/types": "^4.19.0", "tslib": "^2.6.2" } }, "sha512-uOVH37xGLenAdJkCPCin/JJG2PgWrFcSsDnQ9+C9Zq8N9Oalo5ol4xmn5fG28iWAlA/b/9boQZgHbMh+UsIhcg=="],

    "@aws-sdk/core": ["@aws-sdk/core@3.978.1", "", { "dependencies": { "@aws-sdk/types": "^3.974.6", "@aws-sdk/xml-builder": "^3.972.41", "@aws/lambda-invoke-store": "^0.3.0", "@smithy/core": "^3.35.0", "@smithy/signature-v4": "^5.7.3", "@smithy/types": "^4.19.0", "bowser": "^2.11.0", "tslib": "^2.6.2" } }, "sha512-LbY9aGsEiznDWmUc30Nwv3aIX/+dbwTx8KfS0yOC3NPYMO+O91e6jkT1azf34FwjOndq8/Q+RcVVZz5xnerwdg=="],

    "@aws-sdk/credential-provider-env": ["@aws-sdk/credential-provider-env@3.972.72", "", { "dependencies": { "@aws-sdk/core": "^3.978.1", "@aws-sdk/types": "^3.974.6", "@smithy/core": "^3.35.0", "@smithy/types": "^4.19.0", "tslib": "^2.6.2" } }, "sha512-xTKO/FWJPozTIXbozVnVGoNBhaGba8TBcx+KyUjRVeOlXE+dUc7GTR1cLvu0uTdIdmemzaFbqqCshXeZA1fZew=="],

    "@aws-sdk/credential-provider-http": ["@aws-sdk/credential-provider-http@3.972.74", "", { "dependencies": { "@aws-sdk/core": "^3.978.1", "@aws-sdk/types": "^3.974.6", "@smithy/core": "^3.35.0", "@smithy/fetch-http-handler": "^5.8.0", "@smithy/node-http-handler": "^4.12.1", "@smithy/types": "^4.19.0", "tslib": "^2.6.2" } }, "sha512-u91E/hT8f4d1xy0Jl7VG4nVKJ3lxbrZkoBTeSVoJdWBiSEUMwMS/9+e0H/aJVQV//Lt5wuzP+E69v4aRSsNTmw=="],

    "@aws-sdk/credential-provider-ini": ["@aws-sdk/credential-provider-ini@3.973.17", "", { "dependencies": { "@aws-sdk/core": "^3.978.1", "@aws-sdk/credential-provider-env": "^3.972.72", "@aws-sdk/credential-provider-http": "^3.972.74", "@aws-sdk/credential-provider-login": "^3.972.79", "@aws-sdk/credential-provider-process": "^3.972.72", "@aws-sdk/credential-provider-sso": "^3.973.16", "@aws-sdk/credential-provider-web-identity": "^3.972.78", "@aws-sdk/nested-clients": "^3.997.46", "@aws-sdk/types": "^3.974.6", "@smithy/core": "^3.35.0", "@smithy/credential-provider-imds": "^4.5.2", "@smithy/types": "^4.19.0", "tslib": "^2.6.2" } }, "sha512-ged4KXdBkvIC81bLvNHHuQKdKak/VXhQTR1NWYTTqW0474nlmsxy9O/vlgTIohDDWH3xpBdtVMZRyjb+DnocDA=="],

    "@aws-sdk/credential-provider-login": ["@aws-sdk/credential-provider-login@3.972.79", "", { "dependencies": { "@aws-sdk/core": "^3.978.1", "@aws-sdk/nested-clients": "^3.997.46", "@aws-sdk/types": "^3.974.6", "@smithy/core": "^3.35.0", "@smithy/types": "^4.19.0", "tslib": "^2.6.2" } }, "sha512-L+Z85anONJd8MaiuraO4wRxATCdEejBZ3K3eymzWI5JPXa9sOS9CkIm72PBKqXKX+Z9p9NGMX5AIMXm0LEflgw=="],

    "@aws-sdk/credential-provider-node": ["@aws-sdk/credential-provider-node@3.972.84", "", { "dependencies": { "@aws-sdk/credential-provider-env": "^3.972.72", "@aws-sdk/credential-provider-http": "^3.972.74", "@aws-sdk/credential-provider-ini": "^3.973.17", "@aws-sdk/credential-provider-process": "^3.972.72", "@aws-sdk/credential-provider-sso": "^3.973.16", "@aws-sdk/credential-provider-web-identity": "^3.972.78", "@aws-sdk/types": "^3.974.6", "@smithy/core": "^3.35.0", "@smithy/credential-provider-imds": "^4.5.2", "@smithy/types": "^4.19.0", "tslib": "^2.6.2" } }, "sha512-oHt854odINVwzwsh+c5x69j0ajm4DbqqqVJ+O1ECsCIZeMDAbzFpXItaqP7UZstJj/ATdTk/KFSH0LaNAgV+kA=="],

    "@aws-sdk/credential-provider-process": ["@aws-sdk/credential-provider-process@3.972.72", "", { "dependencies": { "@aws-sdk/core": "^3.978.1", "@aws-sdk/types": "^3.974.6", "@smithy/core": "^3.35.0", "@smithy/types": "^4.19.0", "tslib": "^2.6.2" } }, "sha512-rLIp2xbMjX/k9/od7APpqq1ZgXXnV0pOL1Th3ZsL8Wu0TRtBsDTVS8iPqcfRFcHakFxPvR04OSTv2ka2qOb/2A=="],

    "@aws-sdk/credential-provider-sso": ["@aws-sdk/credential-provider-sso@3.973.16", "", { "dependencies": { "@aws-sdk/core": "^3.978.1", "@aws-sdk/nested-clients": "^3.997.46", "@aws-sdk/token-providers": "3.1138.0", "@aws-sdk/types": "^3.974.6", "@smithy/core": "^3.35.0", "@smithy/types": "^4.19.0", "tslib": "^2.6.2" } }, "sha512-IGihaJfFZYacJJr/odqILCoK7W/mvrZ7cuK7ECn3sAu4vLC6u0V8bS7mCGbdugJ8Aum2tnvqmx0F2MRFp2rn9g=="],

    "@aws-sdk/credential-provider-web-identity": ["@aws-sdk/credential-provider-web-identity@3.972.78", "", { "dependencies": { "@aws-sdk/core": "^3.978.1", "@aws-sdk/nested-clients": "^3.997.46", "@aws-sdk/types": "^3.974.6", "@smithy/core": "^3.35.0", "@smithy/types": "^4.19.0", "tslib": "^2.6.2" } }, "sha512-/y9WvNtlcPBGLR0qc1a+9J/xtYZfVczvLUOuXaVWylzttH7ewsxwHtjmiJSolNrVSDorIxHGHMU61CbonRkmwA=="],

    "@aws-sdk/middleware-sdk-s3": ["@aws-sdk/middleware-sdk-s3@3.972.77", "", { "dependencies": { "@aws-sdk/core": "^3.978.1", "@aws-sdk/signature-v4-multi-region": "^3.996.47", "@aws-sdk/types": "^3.974.6", "@smithy/core": "^3.35.0", "@smithy/types": "^4.19.0", "tslib": "^2.6.2" } }, "sha512-E7W2UOeUoc+lg3uIfR/dM7ZwusHwhBQrKMnlkRv4EXRR+C0YtV1pg25xC7GdZIhXH+NAMgZPCbE7o5to2cjFiw=="],

    "@aws-sdk/nested-clients": ["@aws-sdk/nested-clients@3.997.46", "", { "dependencies": { "@aws-sdk/core": "^3.978.1", "@aws-sdk/signature-v4-multi-region": "^3.996.47", "@aws-sdk/types": "^3.974.6", "@smithy/core": "^3.35.0", "@smithy/fetch-http-handler": "^5.8.0", "@smithy/node-http-handler": "^4.12.1", "@smithy/types": "^4.19.0", "tslib": "^2.6.2" } }, "sha512-oRxtBcka/JGHGs9l9p9IVajGoTP8vTPmoAzdHGy4Qcy9P5vPnDf6nhIeM/COQNY9k/OahImTRaLkHftoXvfcmQ=="],

    "@aws-sdk/s3-request-presigner": ["@aws-sdk/s3-request-presigner@3.1141.0", "", { "dependencies": { "@aws-sdk/core": "^3.978.1", "@aws-sdk/signature-v4-multi-region": "^3.996.47", "@aws-sdk/types": "^3.974.6", "@smithy/core": "^3.35.0", "@smithy/types": "^4.19.0", "tslib": "^2.6.2" } }, "sha512-HHHcP3gvLqeY9GPptpxLvA6VwDu+MWKCoaGGm0UtSUBh1hC7xJ9nNHoybgFfstC4lrj+k8oD6a1rWbGBWKYdag=="],

    "@aws-sdk/signature-v4-multi-region": ["@aws-sdk/signature-v4-multi-region@3.996.47", "", { "dependencies": { "@aws-sdk/types": "^3.974.6", "@smithy/signature-v4": "^5.7.3", "@smithy/types": "^4.19.0", "tslib": "^2.6.2" } }, "sha512-Zk08macMvQTHzQJCLJVkOlviVoqwYMrpXv4lmLN7b7sAbiMoOK7Go0NYdR5UeF+MW8LIbRmwrNy9u/5VvX1U5g=="],

    "@aws-sdk/token-providers": ["@aws-sdk/token-providers@3.1138.0", "", { "dependencies": { "@aws-sdk/core": "^3.978.1", "@aws-sdk/nested-clients": "^3.997.46", "@aws-sdk/types": "^3.974.6", "@smithy/core": "^3.35.0", "@smithy/types": "^4.19.0", "tslib": "^2.6.2" } }, "sha512-GpyAr0DD63YOEmYFM6Df+gJuIgC92MMTiBK4FTKfxii5MJ9ge20epR7LyroulscYlG89J+ZB2ivFDPjvfQhzdw=="],

    "@aws-sdk/types": ["@aws-sdk/types@3.974.6", "", { "dependencies": { "@smithy/types": "^4.19.0", "tslib": "^2.6.2" } }, "sha512-v/clNZzZnDxGyvpHMOGpJKVXFAExJzUNAAjaWGdcx8QAcXLGwTaOkw33p5SHAi0YAioK32xB3hWwOekRVfmfKg=="],

    "@aws-sdk/xml-builder": ["@aws-sdk/xml-builder@3.972.41", "", { "dependencies": { "@smithy/types": "^4.19.0", "tslib": "^2.6.2" } }, "sha512-ctjVSyCMegrWfXlx6VqzSBFI6UqmQ5ZlnfMhdLIiWmhoH8UAQxSCP5N3OpG7X3k4LnS7ou74C4mt20+bfTW2aQ=="],

    "@aws/lambda-invoke-store": ["@aws/lambda-invoke-store@0.3.0", "", {}, "sha512-sl4Bm6yiMNYrZKkqqDFWN0UfnWhlS8ivKxrYl+6t0gCLrqr8y3B2IqZZbFRkfaVVp7C/baApyh71P+LeE1A2sQ=="],

    "@emnapi/runtime": ["@emnapi/runtime@1.11.3", "", { "dependencies": { "tslib": "^2.4.0" } }, "sha512-Xz4Tpyki7XyrpbUK1jR1AhdAdaXyhhY4lZ3neLodmhpuWfy2PAQN5B46sAiU4liOXGLkHypn/qU+jvfWSCYYLA=="],

    "@img/colour": ["@img/colour@1.1.0", "", {}, "sha512-Td76q7j57o/tLVdgS746cYARfSyxk8iEfRxewL9h4OMzYhbW4TAcppl0mT4eyqXddh6L/jwoM75mo7ixa/pCeQ=="],

    "@img/sharp-darwin-arm64": ["@img/sharp-darwin-arm64@0.35.4", "", { "optionalDependencies": { "@img/sharp-libvips-darwin-arm64": "1.3.3" }, "os": "darwin", "cpu": "arm64" }, "sha512-Uhfl4V4lhP2nbUVF9+hyH1+luj86f1gUFeo8ALYxFoULoU+G87D43BfeMP8XHsk9boxAnCY/bf2EHwhA7MuGsA=="],

    "@img/sharp-darwin-x64": ["@img/sharp-darwin-x64@0.35.4", "", { "optionalDependencies": { "@img/sharp-libvips-darwin-x64": "1.3.3" }, "os": "darwin", "cpu": "x64" }, "sha512-hWniXY3bG5qKpkKrAwPe4y+VTPmf086YQAnkxWh7uA1YrlRouWGa0M0Mxj3ZjnXFkv7/TD1bTy9lGUK26vRvWw=="],

    "@img/sharp-freebsd-wasm32": ["@img/sharp-freebsd-wasm32@0.35.4", "", { "dependencies": { "@img/sharp-wasm32": "0.35.4" }, "os": "freebsd" }, "sha512-lIsKw/BU+kjB4eZjxrYrZmwOJYi3Ajrv66iAlBmUPyKc3HpnloevB1g3wxGD9P/5BbQ1brBGl65VRRrCvQDEqA=="],

    "@img/sharp-libvips-darwin-arm64": ["@img/sharp-libvips-darwin-arm64@1.3.3", "", { "os": "darwin", "cpu": "arm64" }, "sha512-suTBPTDGrI9WodccaDdwZItTSaBYASlBk1NSfElSHrUfzu3szG6lvIF58+WiFvnfzuK8ZBFS5zE00PxqxnRiPg=="],

    "@img/sharp-libvips-darwin-x64": ["@img/sharp-libvips-darwin-x64@1.3.3", "", { "os": "darwin", "cpu": "x64" }, "sha512-FVJZ5mITMobmXIz/hPDTw0EintTW5H3WfrxwLqEqjiIihlu+hVRyGrFQ60xl0Lxn7Bt3zdpevPaQi0HEzqz9fw=="],

    "@img/sharp-libvips-linux-arm": ["@img/sharp-libvips-linux-arm@1.3.3", "", { "os": "linux", "cpu": "arm" }, "sha512-3rbU4vqXXc3hY/OiXdl52xZvT0F1yEngWfvqudtPJg/KkyiaQw2DRsFrNzpmLvfavbwOq3qXn36GP8obHRULQA=="],

    "@img/sharp-libvips-linux-arm64": ["@img/sharp-libvips-linux-arm64@1.3.3", "", { "os": "linux", "cpu": "arm64" }, "sha512-0DaL0A6Xu6sQSQFwe4iVCrKWU2cCTItnRsYsCdxAMm9NF6twAA9BKnoqy4hqz4+azQ0JHuA26qiUKsf1XJ/v5A=="],

    "@img/sharp-libvips-linux-ppc64": ["@img/sharp-libvips-linux-ppc64@1.3.3", "", { "os": "linux", "cpu": "ppc64" }, "sha512-cdn1OvUBwsXhbC0zSzJnNzf5MZ/mTrobawDvNXBTxe8VtqKAm0sRuEY2Evzovb/w9JMk4TvRxqt1mekSuJz64w=="],

    "@img/sharp-libvips-linux-riscv64": ["@img/sharp-libvips-linux-riscv64@1.3.3", "", { "os": "linux", "cpu": "none" }, "sha512-HjPVx7yKz+0lqdhDlTw1tt90wamBoxhiXpvl1XZpJLiHH4RCJ5yDTqH+VlYPv2fwFs89JFw4c1IexYOcQUi4IQ=="],

    "@img/sharp-libvips-linux-s390x": ["@img/sharp-libvips-linux-s390x@1.3.3", "", { "os": "linux", "cpu": "s390x" }, "sha512-neWLh+3yCNThxnfy3c4BbVBeGgt9aftno+XbT56iK28RgeDs3UOFWviLWlUu0bArYVYJaFDK+RRohbicUNCm8Q=="],

    "@img/sharp-libvips-linux-x64": ["@img/sharp-libvips-linux-x64@1.3.3", "", { "os": "linux", "cpu": "x64" }, "sha512-4vKmvAst9nrowcqquKFAyZJUDolUaIp8uRiN0mWFguJ1IplC9/pitXtlnnlU4aa/eJw3J7i67V+pwUL+wZGdsA=="],

    "@img/sharp-libvips-linuxmusl-arm64": ["@img/sharp-libvips-linuxmusl-arm64@1.3.3", "", { "os": "linux", "cpu": "arm64" }, "sha512-Y9kQaLMuNoB0bPYOOdcZMaseNrFpPodIWWMrx+CZyydf2xn68j9WYc6sWWRrDwNkzCQjKYfc68L7jKjGlHMibw=="],

    "@img/sharp-libvips-linuxmusl-x64": ["@img/sharp-libvips-linuxmusl-x64@1.3.3", "", { "os": "linux", "cpu": "x64" }, "sha512-fj8Mv0HHfD1Rr+4I68+3agJynxDWtBFgicTbSOb9Bke6pIwzGcJ+RX/yHjmiEGFMCavY/dxvem7MyNaJF+wDiw=="],

    "@img/sharp-linux-arm": ["@img/sharp-linux-arm@0.35.4", "", { "optionalDependencies": { "@img/sharp-libvips-linux-arm": "1.3.3" }, "os": "linux", "cpu": "arm" }, "sha512-7OAS8gI0EReKGVN2HssHlM6umJgxF5VI3xN0p9FA91p/YO+ou5hiNghLdZ5BEHztwaaK5+bLKRf8x/o2L2nk9A=="],

    "@img/sharp-linux-arm64": ["@img/sharp-linux-arm64@0.35.4", "", { "optionalDependencies": { "@img/sharp-libvips-linux-arm64": "1.3.3" }, "os": "linux", "cpu": "arm64" }, "sha512-De4jpEnAU8Hd5oT0j1G3uL4ZvTuipVMn7YC6vPaJhy6/7EwEae0SVAoBrUMYQbkLGDm85taVWwuPc1a44LTzCQ=="],

    "@img/sharp-linux-ppc64": ["@img/sharp-linux-ppc64@0.35.4", "", { "optionalDependencies": { "@img/sharp-libvips-linux-ppc64": "1.3.3" }, "os": "linux", "cpu": "ppc64" }, "sha512-2oYZJeIl4kCcMGk4ouZVjnkCtFrpQFlNEtJ6GbxzhHQchwH0NH/qEb9ykmOl29dqwMq+JhFdZn+1ak2FKhI9fQ=="],

    "@img/sharp-linux-riscv64": ["@img/sharp-linux-riscv64@0.35.4", "", { "optionalDependencies": { "@img/sharp-libvips-linux-riscv64": "1.3.3" }, "os": "linux", "cpu": "none" }, "sha512-cPbNChoRURAWdebDIHSenxRpgEdy7JkPydSnUxRm9VvKD7m0/xVaR/8Fzlu81pk5nHEvHH87UZUA7cTtwnbJSA=="],

    "@img/sharp-linux-s390x": ["@img/sharp-linux-s390x@0.35.4", "", { "optionalDependencies": { "@img/sharp-libvips-linux-s390x": "1.3.3" }, "os": "linux", "cpu": "s390x" }, "sha512-RY0JFY8Fd6RonCBtHz+DvadaPkXDSI1AUn6yWL9TipqkZ1vY8w8evqdgyDFnkm4/K1ve1TvZiaePP5oSd4+WVQ=="],

    "@img/sharp-linux-x64": ["@img/sharp-linux-x64@0.35.4", "", { "optionalDependencies": { "@img/sharp-libvips-linux-x64": "1.3.3" }, "os": "linux", "cpu": "x64" }, "sha512-9qvvEAuk8k89TfWUoX2htWjbAMX8p+NxCppjpcg5k6xMsjhBQPTsoIh36h9Qde4WRuGpJeYnOjdosDn/cnv+OA=="],

    "@img/sharp-linuxmusl-arm64": ["@img/sharp-linuxmusl-arm64@0.35.4", "", { "optionalDependencies": { "@img/sharp-libvips-linuxmusl-arm64": "1.3.3" }, "os": "linux", "cpu": "arm64" }, "sha512-KB5jxpfWQTr0nc3xdHtWChdbifHrBGsd2SM62Eyxrl8afikm+f5qGBU75SJIZBT/S1MC8XyacdlXBMSWq6OURA=="],

    "@img/sharp-linuxmusl-x64": ["@img/sharp-linuxmusl-x64@0.35.4", "", { "optionalDependencies": { "@img/sharp-libvips-linuxmusl-x64": "1.3.3" }, "os": "linux", "cpu": "x64" }, "sha512-f+eZJZIQNEEd26RPSW+76chwOf1XtA2Y/O+5ocVyLliHkeih3e+jhLVBdNTd2rS3IbNXK8+ug93Vf5ZXtF5Lxg=="],

    "@img/sharp-wasm32": ["@img/sharp-wasm32@0.35.4", "", { "dependencies": { "@emnapi/runtime": "^1.11.3" } }, "sha512-zQnl4Kwp7Q6NHsENtU2T/00Zi+w3AQNwz3+UaTyVBy2FpXrzXzGjndpK61onhZjRtRpQXxCTeqw19bVyXOh7jA=="],

    "@img/sharp-webcontainers-wasm32": ["@img/sharp-webcontainers-wasm32@0.35.4", "", { "dependencies": { "@img/sharp-wasm32": "0.35.4" }, "cpu": "none" }, "sha512-ESfNkywmCfPNyaZjxooddJQiQ+l/nTpGEOGthxiLnIHXC/CmcBixnfwUleX9mCz9ovrUUvKMap/pm8RYbzfwaA=="],

    "@img/sharp-win32-arm64": ["@img/sharp-win32-arm64@0.35.4", "", { "os": "win32", "cpu": "arm64" }, "sha512-iNdlBX9gLVvqe2I3uIJSIKTq6wckP/DYxZtcqxm09x5Gi24DnFBmPAWZmr60ZyYMG0xlzo6goG3670ar+RXvRw=="],

    "@img/sharp-win32-ia32": ["@img/sharp-win32-ia32@0.35.4", "", { "os": "win32", "cpu": "ia32" }, "sha512-kqRsbaa5CS6KHlpxnN7WhE6vAAugXyZButpRdvDWetlv6Qv4N9WTcrWzF7tXfB9T7MsoadqdI8hmwLq6UlLvtw=="],

    "@img/sharp-win32-x64": ["@img/sharp-win32-x64@0.35.4", "", { "os": "win32", "cpu": "x64" }, "sha512-XtmnYhBcrORsJ4XJngyzr/EWP0hRZLAZRFaApdKuviyqF78+ylxh2y06ZmtULAMOnObJ3ucpN0AcwSWnMowTRg=="],

    "@libsql/client": ["@libsql/client@0.15.15", "", { "dependencies": { "@libsql/core": "^0.15.14", "@libsql/hrana-client": "^0.7.0", "js-base64": "^3.7.5", "libsql": "^0.5.22", "promise-limit": "^2.7.0" } }, "sha512-twC0hQxPNHPKfeOv3sNT6u2pturQjLcI+CnpTM0SjRpocEGgfiZ7DWKXLNnsothjyJmDqEsBQJ5ztq9Wlu470w=="],

    "@libsql/core": ["@libsql/core@0.15.15", "", { "dependencies": { "js-base64": "^3.7.5" } }, "sha512-C88Z6UKl+OyuKKPwz224riz02ih/zHYI3Ho/LAcVOgjsunIRZoBw7fjRfaH9oPMmSNeQfhGklSG2il1URoOIsA=="],

    "@libsql/darwin-arm64": ["@libsql/darwin-arm64@0.5.29", "", { "os": "darwin", "cpu": "arm64" }, "sha512-K+2RIB1OGFPYQbfay48GakLhqf3ArcbHqPFu7EZiaUcRgFcdw8RoltsMyvbj5ix2fY0HV3Q3Ioa/ByvQdaSM0A=="],

    "@libsql/darwin-x64": ["@libsql/darwin-x64@0.5.29", "", { "os": "darwin", "cpu": "x64" }, "sha512-OtT+KFHsKFy1R5FVadr8FJ2Bb1mghtXTyJkxv0trocq7NuHntSki1eUbxpO5ezJesDvBlqFjnWaYYY516QNLhQ=="],

    "@libsql/hrana-client": ["@libsql/hrana-client@0.7.0", "", { "dependencies": { "@libsql/isomorphic-fetch": "^0.3.1", "@libsql/isomorphic-ws": "^0.1.5", "js-base64": "^3.7.5", "node-fetch": "^3.3.2" } }, "sha512-OF8fFQSkbL7vJY9rfuegK1R7sPgQ6kFMkDamiEccNUvieQ+3urzfDFI616oPl8V7T9zRmnTkSjMOImYCAVRVuw=="],

    "@libsql/isomorphic-fetch": ["@libsql/isomorphic-fetch@0.3.1", "", {}, "sha512-6kK3SUK5Uu56zPq/Las620n5aS9xJq+jMBcNSOmjhNf/MUvdyji4vrMTqD7ptY7/4/CAVEAYDeotUz60LNQHtw=="],

    "@libsql/isomorphic-ws": ["@libsql/isomorphic-ws@0.1.5", "", { "dependencies": { "@types/ws": "^8.5.4", "ws": "^8.13.0" } }, "sha512-DtLWIH29onUYR00i0GlQ3UdcTRC6EP4u9w/h9LxpUZJWRMARk6dQwZ6Jkd+QdwVpuAOrdxt18v0K2uIYR3fwFg=="],

    "@libsql/linux-arm-gnueabihf": ["@libsql/linux-arm-gnueabihf@0.5.29", "", { "os": "linux", "cpu": "arm" }, "sha512-CD4n4zj7SJTHso4nf5cuMoWoMSS7asn5hHygsDuhRl8jjjCTT3yE+xdUvI4J7zsyb53VO5ISh4cwwOtf6k2UhQ=="],

    "@libsql/linux-arm-musleabihf": ["@libsql/linux-arm-musleabihf@0.5.29", "", { "os": "linux", "cpu": "arm" }, "sha512-2Z9qBVpEJV7OeflzIR3+l5yAd4uTOLxklScYTwpZnkm2vDSGlC1PRlueLaufc4EFITkLKXK2MWBpexuNJfMVcg=="],

    "@libsql/linux-arm64-gnu": ["@libsql/linux-arm64-gnu@0.5.29", "", { "os": "linux", "cpu": "arm64" }, "sha512-gURBqaiXIGGwFNEaUj8Ldk7Hps4STtG+31aEidCk5evMMdtsdfL3HPCpvys+ZF/tkOs2MWlRWoSq7SOuCE9k3w=="],

    "@libsql/linux-arm64-musl": ["@libsql/linux-arm64-musl@0.5.29", "", { "os": "linux", "cpu": "arm64" }, "sha512-fwgYZ0H8mUkyVqXZHF3mT/92iIh1N94Owi/f66cPVNsk9BdGKq5gVpoKO+7UxaNzuEH1roJp2QEwsCZMvBLpqg=="],

    "@libsql/linux-x64-gnu": ["@libsql/linux-x64-gnu@0.5.29", "", { "os": "linux", "cpu": "x64" }, "sha512-y14V0vY0nmMC6G0pHeJcEarcnGU2H6cm21ZceRkacWHvQAEhAG0latQkCtoS2njFOXiYIg+JYPfAoWKbi82rkg=="],

    "@libsql/linux-x64-musl": ["@libsql/linux-x64-musl@0.5.29", "", { "os": "linux", "cpu": "x64" }, "sha512-gquqwA/39tH4pFl+J9n3SOMSymjX+6kZ3kWgY3b94nXFTwac9bnFNMffIomgvlFaC4ArVqMnOZD3nuJ3H3VO1w=="],

    "@libsql/win32-x64-msvc": ["@libsql/win32-x64-msvc@0.5.29", "", { "os": "win32", "cpu": "x64" }, "sha512-4/0CvEdhi6+KjMxMaVbFM2n2Z44escBRoEYpR+gZg64DdetzGnYm8mcNLcoySaDJZNaBd6wz5DNdgRmcI4hXcg=="],

    "@neon-rs/load": ["@neon-rs/load@0.0.4", "", {}, "sha512-kTPhdZyTQxB+2wpiRcFWrDcejc4JI6tkPuS7UZCG4l6Zvc5kU/gGQ/ozvHTh1XR5tS+UlfAfGuPajjzQjCiHCw=="],

    "@next/env": ["@next/env@15.5.26", "", {}, "sha512-NJBz9q10LU9h3KjHLEbdgWIV+ow/x+MYzKBRfqhm9/QmML3tPMhYmXF/UIV9SDVCNtOqFNc5oX7kZqeiigMCEA=="],

    "@next/swc-darwin-arm64": ["@next/swc-darwin-arm64@15.5.26", "", { "os": "darwin", "cpu": "arm64" }, "sha512-So8eoJxIcXw/TexNUvvh3uY72J9nDo5BpJsAwUKx+FK57CrWXg6RqVufV7U9OT3BO+siMzJ2FuAwBhaHoPlLGg=="],

    "@next/swc-darwin-x64": ["@next/swc-darwin-x64@15.5.26", "", { "os": "darwin", "cpu": "x64" }, "sha512-jImzLUTClVWKhP91e5sgDumjxCLhaFSt7DuN5cnRYw99Dppxxhhq5jKRyDa2aTv3JE7dQmTSTsY3EFkSOp9Pog=="],

    "@next/swc-linux-arm64-gnu": ["@next/swc-linux-arm64-gnu@15.5.26", "", { "os": "linux", "cpu": "arm64" }, "sha512-CaWd+T/Lud2BmZbrsa1CzCnIOdU3YX9Nuk89virZaSB1O+C+8Yrrevgmnl68u4dvZIfOAzQ77S+Njrq7v1XwSA=="],

    "@next/swc-linux-arm64-musl": ["@next/swc-linux-arm64-musl@15.5.26", "", { "os": "linux", "cpu": "arm64" }, "sha512-97AyKI34yjpaudlkWHswAf7c1PjWQAC7lLyrw3R5K+bq834EOA+9IG68rIVy0VqrqGjtPSMjJmMmgeJ3wHR5og=="],

    "@next/swc-linux-x64-gnu": ["@next/swc-linux-x64-gnu@15.5.26", "", { "os": "linux", "cpu": "x64" }, "sha512-eVtuOCew1sBPV7BEgxy7qxuVyqoU3tJIS/xDZwa1/NiQ4Q0LM2JMH7rny+/uVIN6hsQ3PTb0hTQWypA0L2QxtA=="],

    "@next/swc-linux-x64-musl": ["@next/swc-linux-x64-musl@15.5.26", "", { "os": "linux", "cpu": "x64" }, "sha512-EiUXADp+Z+OdQnSqbX10YgOSUrs0CXVODoTfySfsP2jdhngn9bq5RJd376FJzqMPe/XX25FMr1aXtYUVPA0qDw=="],

    "@next/swc-win32-arm64-msvc": ["@next/swc-win32-arm64-msvc@15.5.26", "", { "os": "win32", "cpu": "arm64" }, "sha512-HPl41fgkC4kdM5CCIoqNW6KlKEj1N+xS6bjNFFxDNKooUNUu09frgD948zo95TPw/C3XINZpkdkBGNU2RhjEnw=="],

    "@next/swc-win32-x64-msvc": ["@next/swc-win32-x64-msvc@15.5.26", "", { "os": "win32", "cpu": "x64" }, "sha512-TgmJ5ginKr34RPsz01/swpYtFBxh51d66jM26aytpE6NIypU5KtBVI8C2hJjUNpWr7v6sWj8a6+og2MyntcnpA=="],

    "@smithy/core": ["@smithy/core@3.35.0", "", { "dependencies": { "@smithy/types": "^4.19.0", "tslib": "^2.6.2" } }, "sha512-zRMhfkByhT2snNdr1si24vJitU6Cr9ix2MikUfWmkAgp4jrNP0GcKSP5YvwQ+TlI8AZXER5QOGJn3JsVtSD9/A=="],

    "@smithy/credential-provider-imds": ["@smithy/credential-provider-imds@4.5.2", "", { "dependencies": { "@smithy/core": "^3.33.2", "@smithy/types": "^4.17.2", "tslib": "^2.6.2" } }, "sha512-A9uSdn72ozbRUSit0eib0TW7nXuNPlaeM0zcGkJ+nE6tFcSDbnmtwoxbTCFBukVQcszDAyvsd7+rTduPTXpygg=="],

    "@smithy/fetch-http-handler": ["@smithy/fetch-http-handler@5.8.0", "", { "dependencies": { "@smithy/core": "^3.33.3", "@smithy/types": "^4.18.0", "tslib": "^2.6.2" } }, "sha512-ycSJu3tFAQ4v04CBB0agqFMVsSQ1iG3yw+SpgxRqKfaURpQD4CZ8Wn0zPMmSnOuTpTh65Vz+EA0rMrw089wvkA=="],

    "@smithy/node-http-handler": ["@smithy/node-http-handler@4.12.1", "", { "dependencies": { "@smithy/core": "^3.33.3", "@smithy/types": "^4.18.0", "tslib": "^2.6.2" } }, "sha512-ThMkboGeONWXAelq9FvGsuJC4rOi+qyC4/zhUF58xYpxUg5sQKx2VXZYJmtNjr4dSuBJ1HeJXETQILCz3wOHvw=="],

    "@smithy/signature-v4": ["@smithy/signature-v4@5.7.4", "", { "dependencies": { "@smithy/core": "^3.35.0", "@smithy/types": "^4.19.0", "tslib": "^2.6.2" } }, "sha512-tHy0K0VtqNd5Y7Y41h0a0Lhh0L1GzC08dTWg0F7vRJWFtTENg7IZikf3wQkanYIRdb7ngoIPMTmqgUi401fEeQ=="],

    "@smithy/types": ["@smithy/types@4.19.0", "", { "dependencies": { "tslib": "^2.6.2" } }, "sha512-r7jh49VJxGerfAcTQA6gXcKc+98zOp/tqRwzYjgOE+iSQsP6cEU1hq2QzbuipmP68QtYdY9wKEhiCQZIzHgZ4Q=="],

    "@supabase/auth-js": ["@supabase/auth-js@2.117.2", "", { "dependencies": { "tslib": "2.8.1" } }, "sha512-Z3WnGwrphYZubrLbxp5Iv0tLA9A5GhvKzJ/ZXglxqwd2QEH2R4dXRltjVJ8sIn4xEW2BSFIGT0yALVJIgZeDYw=="],

    "@supabase/functions-js": ["@supabase/functions-js@2.117.2", "", { "dependencies": { "tslib": "2.8.1" } }, "sha512-6DT4ZIjmZxa9ANKaBIrjc86AyKrX8M376ynvNeOBBVad3eP7x3UHqWfDR2ynFkHGzCuOpr1A+kObmnahxuwuog=="],

    "@supabase/phoenix": ["@supabase/phoenix@0.4.5", "", {}, "sha512-aAn9H9ovVyeApKy11OWOrrOGq8DV68yWeH4ud2lN9fzn4aO8Zb5GLL9m1pUg9nLqIcT+ZDfAcsZe0E/nqdv2lw=="],

    "@supabase/postgrest-js": ["@supabase/postgrest-js@2.117.2", "", { "dependencies": { "tslib": "2.8.1" } }, "sha512-V1Qhn+M8xzJqCasOxHZ2KG19Fj39PxU7weEAmOK65/KTsWCRXboB4hcQwFvxRvM7ZikeP9IZWNvQkfjvSxzYFw=="],

    "@supabase/realtime-js": ["@supabase/realtime-js@2.117.2", "", { "dependencies": { "@supabase/phoenix": "0.4.5", "tslib": "2.8.1" } }, "sha512-lYXSAIg3eAKA58riUED6Vb+TCzF8jtx18uOoiCaVJ7ZMre6FWBpwB1MPeW+B6vykJT/hPdiuqwcSB7ILMS21ew=="],

    "@supabase/storage-js": ["@supabase/storage-js@2.117.2", "", { "dependencies": { "iceberg-js": "^0.8.1", "tslib": "2.8.1" } }, "sha512-8gAJoVaxZa/War2kFRfJMxGk4M190Q7lJ70BofwGlRxU/u9pIodd6XyTvmXkxOKXWuIYtkDaYPZrIAUt1T/7FQ=="],

    "@supabase/supabase-js": ["@supabase/supabase-js@2.117.2", "", { "dependencies": { "@supabase/auth-js": "2.117.2", "@supabase/functions-js": "2.117.2", "@supabase/postgrest-js": "2.117.2", "@supabase/realtime-js": "2.117.2", "@supabase/storage-js": "2.117.2" }, "peerDependencies": { "@opentelemetry/api": ">=1.0.0" }, "optionalPeers": ["@opentelemetry/api"] }, "sha512-eSG2VKnHR+Clp1PmidZ1/weJ8PJwoybjva3L2GgKqFG4YDS1Iqmc61psKGZP5xw6OMT2O7ZorPR42PY6q1BOXg=="],

    "@swc/helpers": ["@swc/helpers@0.5.15", "", { "dependencies": { "tslib": "^2.8.0" } }, "sha512-JQ5TuMi45Owi4/BIMAJBoSQoOJu12oOk/gADqlcUL9JEdHB8vyjUSsxqeNXnmXHjYKMi2WcYtezGEEhqUI/E2g=="],

    "@types/localforage": ["@types/localforage@0.0.34", "", { "dependencies": { "localforage": "*" } }, "sha512-tJxahnjm9dEI1X+hQSC5f2BSd/coZaqbIl1m3TCl0q9SVuC52XcXfV0XmoCU1+PmjyucuVITwoTnN8OlTbEXXA=="],

    "@types/node": ["@types/node@22.20.4", "", { "dependencies": { "undici-types": "~6.21.0" } }, "sha512-zJRE40jpHtKqE/C4fgHrAKQLJuSpzEnP9ff9Y7YtoR3Wd2pwqzlekDeEuUQXjRd+QCYnVnNwuJYmhdk9XV8gvA=="],

    "@types/react": ["@types/react@19.3.0", "", { "dependencies": { "csstype": "^3.2.2" } }, "sha512-N0rFCuH9YoxG9/m61l9MfpJKfmLOVU0em7ipIz6TRgSSkvReLB9vL85GB+yr8Bs5leqpvg96JSwF4ZS1s4viQg=="],

    "@types/react-dom": ["@types/react-dom@19.3.0", "", { "peerDependencies": { "@types/react": "^19.3.0" } }, "sha512-ZI7bU42mZXXKHn/qNLEw2IrbiINU7X5+vfgdixBHkCNpYWXjKgfQ/P+uyGb5CjOLB9UcnTeg3rylQtV2hym44Q=="],

    "@types/ws": ["@types/ws@8.18.1", "", { "dependencies": { "@types/node": "*" } }, "sha512-ThVF6DCVhA8kUGy+aazFQ4kXQ7E1Ty7A3ypFOe0IcJV8O/M511G99AW24irKrW56Wt44yG9+ij8FaqoBGkuBXg=="],

    "@xmldom/xmldom": ["@xmldom/xmldom@0.7.13", "", {}, "sha512-lm2GW5PkosIzccsaZIz7tp8cPADSIlIHWDFTR1N0SzfinhhYgeIQjFMz4rYzanCScr3DqQLeomUDArp6MWKm+g=="],

    "bowser": ["bowser@2.14.1", "", {}, "sha512-tzPjzCxygAKWFOJP011oxFHs57HzIhOEracIgAePE4pqB3LikALKnSzUyU4MGs9/iCEUuHlAJTjTc5M+u7YEGg=="],

    "caniuse-lite": ["caniuse-lite@1.0.30001812", "", {}, "sha512-qN+QNNBr93TCmFrmte0bBCjSDMuRvt78VlHT99qIGPszm4QsqCX8lnyWUFkHi8B7ZBAPq8SH+UqyXNy/odMdng=="],

    "client-only": ["client-only@0.0.1", "", {}, "sha512-IV3Ou0jSMzZrd3pZ48nLkT9DA7Ag1pnPzaiQhpW7c3RbcqqzvzzVu+L8gfqMp/8IM2MQtSiqaCxrrcfu8I8rMA=="],

    "core-js": ["core-js@3.50.0", "", {}, "sha512-BRWgOLKkFeCgRudR6zrs8p9XJZcE14grzKMMssoYrk6krtuEZ7MTKPIY5RzOnqsEKIR9kst7wNzphttraT+Yqw=="],

    "core-util-is": ["core-util-is@1.0.3", "", {}, "sha512-ZQBvi1DcpJ4GDqanjucZ2Hj3wEO5pZDS89BWbkcrvdxksJorwUDDZamX9ldFkp9aw2lmBDLgkObEA4DWNJ9FYQ=="],

    "csstype": ["csstype@3.2.3", "", {}, "sha512-z1HGKcYy2xA8AGQfwrn0PAy+PB7X/GSj3UVJW9qKyn43xWa+gl5nXmU4qqLMRzWVLFC8KusUX8T/0kCiOYpAIQ=="],

    "d": ["d@1.0.2", "", { "dependencies": { "es5-ext": "^0.10.64", "type": "^2.7.2" } }, "sha512-MOqHvMWF9/9MX6nza0KgvFH4HpMU0EF5uUDXqX/BtxtU8NfB0QzRtJ8Oe/6SuS4kbhyzVJwjd97EA4PKrzJ8bw=="],

    "data-uri-to-buffer": ["data-uri-to-buffer@4.0.1", "", {}, "sha512-0R9ikRb668HB7QDxT1vkpuUBtqc53YyAwMwGeUFKRojY/NWKvdZ+9UYtRfGmhqNbRkTSVpMbmyhXipFFv2cb/A=="],

    "detect-libc": ["detect-libc@2.0.2", "", {}, "sha512-UX6sGumvvqSaXgdKGUsgZWqcUyIXZ/vZTrlRT/iobiKhGL0zL4d3osHj3uqllWJK+i+sixDS/3COVEOFbupFyw=="],

    "epubjs": ["epubjs@0.3.93", "", { "dependencies": { "@types/localforage": "0.0.34", "@xmldom/xmldom": "^0.7.5", "core-js": "^3.18.3", "event-emitter": "^0.3.5", "jszip": "^3.7.1", "localforage": "^1.10.0", "lodash": "^4.17.21", "marks-pane": "^1.0.9", "path-webpack": "0.0.3" } }, "sha512-c06pNSdBxcXv3dZSbXAVLE1/pmleRhOT6mXNZo6INKmvuKpYB65MwU/lO7830czCtjIiK9i+KR+3S+p0wtljrw=="],

    "es5-ext": ["es5-ext@0.10.64", "", { "dependencies": { "es6-iterator": "^2.0.3", "es6-symbol": "^3.1.3", "esniff": "^2.0.1", "next-tick": "^1.1.0" } }, "sha512-p2snDhiLaXe6dahss1LddxqEm+SkuDvV8dnIQG0MWjyHpcMNfXKPE+/Cc0y+PhxJX3A4xGNeFCj5oc0BUh6deg=="],

    "es6-iterator": ["es6-iterator@2.0.3", "", { "dependencies": { "d": "1", "es5-ext": "^0.10.35", "es6-symbol": "^3.1.1" } }, "sha512-zw4SRzoUkd+cl+ZoE15A9o1oQd920Bb0iOJMQkQhl3jNc03YqVjAhG7scf9C5KWRU/R13Orf588uCC6525o02g=="],

    "es6-symbol": ["es6-symbol@3.1.4", "", { "dependencies": { "d": "^1.0.2", "ext": "^1.7.0" } }, "sha512-U9bFFjX8tFiATgtkJ1zg25+KviIXpgRvRHS8sau3GfhVzThRQrOeksPeT0BWW2MNZs1OEWJ1DPXOQMn0KKRkvg=="],

    "esniff": ["esniff@2.0.1", "", { "dependencies": { "d": "^1.0.1", "es5-ext": "^0.10.62", "event-emitter": "^0.3.5", "type": "^2.7.2" } }, "sha512-kTUIGKQ/mDPFoJ0oVfcmyJn4iBDRptjNVIzwIFR7tqWXdVI9xfA2RMwY/gbSpJG3lkdWNEjLap/NqVHZiJsdfg=="],

    "event-emitter": ["event-emitter@0.3.5", "", { "dependencies": { "d": "1", "es5-ext": "~0.10.14" } }, "sha512-D9rRn9y7kLPnJ+hMq7S/nhvoKwwvVJahBi2BPmx3bvbsEdK3W9ii8cBSGjP+72/LnM4n6fo3+dkCX5FeTQruXA=="],

    "ext": ["ext@1.7.0", "", { "dependencies": { "type": "^2.7.2" } }, "sha512-6hxeJYaL110a9b5TEJSj0gojyHQAmA2ch5Os+ySCiA1QGdS697XWY1pzsrSjqA9LDEEgdB/KypIlR59RcLuHYw=="],

    "fetch-blob": ["fetch-blob@3.2.0", "", { "dependencies": { "node-domexception": "^1.0.0", "web-streams-polyfill": "^3.0.3" } }, "sha512-7yAQpD2UMJzLi1Dqv7qFYnPbaPx7ZfFK6PiIxQ4PfkGPyNyl2Ugx+a/umUonmKqjhM4DnfbMvdX6otXq83soQQ=="],

    "formdata-polyfill": ["formdata-polyfill@4.0.10", "", { "dependencies": { "fetch-blob": "^3.1.2" } }, "sha512-buewHzMvYL29jdeQTVILecSaZKnt/RJWjoZCF5OW60Z67/GmSLBkOFM7qh1PI3zFNtJbaZL5eQu1vLfazOwj4g=="],

    "iceberg-js": ["iceberg-js@0.8.1", "", {}, "sha512-1dhVQZXhcHje7798IVM+xoo/1ZdVfzOMIc8/rgVSijRK38EDqOJoGula9N/8ZI5RD8QTxNQtK/Gozpr+qUqRRA=="],

    "immediate": ["immediate@3.0.6", "", {}, "sha512-XXOFtyqDjNDAQxVfYxuF7g9Il/IbWmmlQg2MYKOH8ExIT1qg6xc4zyS3HaEEATgs1btfzxq15ciUiY7gjSXRGQ=="],

    "inherits": ["inherits@2.0.4", "", {}, "sha512-k/vGaX4/Yla3WzyMCvTQOXYeIHvqOKtnqBduzTHpzpQZzAskKMhZ2K+EnBiSM9zGSoIFeMpXKxa4dYeZIQqewQ=="],

    "isarray": ["isarray@1.0.0", "", {}, "sha512-VLghIWNM6ELQzo7zwmcg0NmTVyWKYjvIeM83yjp0wRDTmUnrM678fQbcKBo6n2CJEF0szoG//ytg+TKla89ALQ=="],

    "js-base64": ["js-base64@3.9.4", "", {}, "sha512-PtOMXpEGuP0RRiRXsjzHzl44dMHxSu2CPvAhinupR1tBa88me+1DPqsobl7eupn5UukjLkln1ZnAOAOXOrYG0Q=="],

    "jszip": ["jszip@3.10.2", "", { "dependencies": { "lie": "~3.3.0", "pako": "~1.0.2", "readable-stream": "~2.3.6", "setimmediate": "^1.0.5" } }, "sha512-3l+rb15IOWtUhU0H5MFqES/T6Kh7abYwjosBey/vD6hDt8zoEffkSC5Ws5SGtgVw3gBx2NEbhTeSW1+kWkpyTQ=="],

    "libsql": ["libsql@0.5.29", "", { "dependencies": { "@neon-rs/load": "^0.0.4", "detect-libc": "2.0.2" }, "optionalDependencies": { "@libsql/darwin-arm64": "0.5.29", "@libsql/darwin-x64": "0.5.29", "@libsql/linux-arm-gnueabihf": "0.5.29", "@libsql/linux-arm-musleabihf": "0.5.29", "@libsql/linux-arm64-gnu": "0.5.29", "@libsql/linux-arm64-musl": "0.5.29", "@libsql/linux-x64-gnu": "0.5.29", "@libsql/linux-x64-musl": "0.5.29", "@libsql/win32-x64-msvc": "0.5.29" }, "os": [ "linux", "win32", "darwin", ], "cpu": [ "arm", "x64", "arm64", ] }, "sha512-8lMP8iMgiBzzoNbAPQ59qdVcj6UaE/Vnm+fiwX4doX4Narook0a4GPKWBEv+CR8a1OwbfkgL18uBfBjWdF0Fzg=="],

    "lie": ["lie@3.3.0", "", { "dependencies": { "immediate": "~3.0.5" } }, "sha512-UaiMJzeWRlEujzAuw5LokY1L5ecNQYZKfmyZ9L7wDHb/p5etKaxXhohBcrw0EYby+G/NA52vRSN4N39dxHAIwQ=="],

    "localforage": ["localforage@1.10.0", "", { "dependencies": { "lie": "3.1.1" } }, "sha512-14/H1aX7hzBBmmh7sGPd+AOMkkIrHM3Z1PAyGgZigA1H1p5O5ANnMyWzvpAETtG68/dC4pC0ncy3+PPGzXZHPg=="],

    "lodash": ["lodash@4.18.1", "", {}, "sha512-dMInicTPVE8d1e5otfwmmjlxkZoUpiVLwyeTdUsi/Caj/gfzzblBcCE5sRHV/AsjuCmxWrte2TNGSYuCeCq+0Q=="],

    "marks-pane": ["marks-pane@1.0.9", "", {}, "sha512-Ahs4oeG90tbdPWwAJkAAoHg2lRR8lAs9mZXETNPO9hYg3AkjUJBKi1NQ4aaIQZVGrig7c/3NUV1jANl8rFTeMg=="],

    "nanoid": ["nanoid@3.3.19", "", { "bin": { "nanoid": "bin/nanoid.cjs" } }, "sha512-Y2tUNy4ouw6tq5oDSKeQYGOyhkUBhNOcGV/02KC+6kd9eDGqdZd++mjMiIDilrBYvjEnCYvVtsuHCuP+okSfug=="],

    "next": ["next@15.5.26", "", { "dependencies": { "@next/env": "15.5.26", "@swc/helpers": "0.5.15", "caniuse-lite": "^1.0.30001579", "postcss": "8.4.31", "styled-jsx": "5.1.6" }, "optionalDependencies": { "@next/swc-darwin-arm64": "15.5.26", "@next/swc-darwin-x64": "15.5.26", "@next/swc-linux-arm64-gnu": "15.5.26", "@next/swc-linux-arm64-musl": "15.5.26", "@next/swc-linux-x64-gnu": "15.5.26", "@next/swc-linux-x64-musl": "15.5.26", "@next/swc-win32-arm64-msvc": "15.5.26", "@next/swc-win32-x64-msvc": "15.5.26", "sharp": "^0.34.3 || ^0.35.4" }, "peerDependencies": { "@opentelemetry/api": "^1.1.0", "@playwright/test": "^1.51.1", "babel-plugin-react-compiler": "*", "react": "^18.2.0 || 19.0.0-rc-de68d2f4-20241204 || ^19.0.0", "react-dom": "^18.2.0 || 19.0.0-rc-de68d2f4-20241204 || ^19.0.0", "sass": "^1.3.0" }, "optionalPeers": ["@opentelemetry/api", "@playwright/test", "babel-plugin-react-compiler", "sass"], "bin": { "next": "dist/bin/next" } }, "sha512-EVCqhvq8Hs+nX9udH2VzE/iXAg9QodZBZnwVJTuAMl386GIYvlJtYhFytV9nSlDYxKw3kEyv8I2dCQs0+on0sQ=="],

    "next-tick": ["next-tick@1.1.0", "", {}, "sha512-CXdUiJembsNjuToQvxayPZF9Vqht7hewsvy2sOWafLvi2awflj9mOC6bHIg50orX8IJvWKY9wYQ/zB2kogPslQ=="],

    "node-domexception": ["node-domexception@1.0.0", "", {}, "sha512-/jKZoMpw0F8GRwl4/eLROPA3cfcXtLApP0QzLmUT/HuPCZWyB7IY9ZrMeKw2O/nFIqPQB3PVM9aYm0F312AXDQ=="],

    "node-fetch": ["node-fetch@3.3.2", "", { "dependencies": { "data-uri-to-buffer": "^4.0.0", "fetch-blob": "^3.1.4", "formdata-polyfill": "^4.0.10" } }, "sha512-dRB78srN/l6gqWulah9SrxeYnxeddIG30+GOqK/9OlLVyLg3HPnr6SqOWTWOXKRwC2eGYCkZ59NNuSgvSrpgOA=="],

    "pako": ["pako@1.0.11", "", {}, "sha512-4hLB8Py4zZce5s4yd9XzopqwVv/yGNhV1Bl8NTmCq1763HeK2+EwVTv+leGeL13Dnh2wfbqowVPXCIO0z4taYw=="],

    "path-webpack": ["path-webpack@0.0.3", "", {}, "sha512-AmeDxedoo5svf7aB3FYqSAKqMxys014lVKBzy1o/5vv9CtU7U4wgGWL1dA2o6MOzcD53ScN4Jmiq6VbtLz1vIQ=="],

    "picocolors": ["picocolors@1.1.1", "", {}, "sha512-xceH2snhtb5M9liqDsmEw56le376mTZkEX/jEb/RxNFyegNul7eNslCXP9FDj/Lcu0X8KEyMceP2ntpaHrDEVA=="],

    "postcss": ["postcss@8.4.31", "", { "dependencies": { "nanoid": "^3.3.6", "picocolors": "^1.0.0", "source-map-js": "^1.0.2" } }, "sha512-PS08Iboia9mts/2ygV3eLpY5ghnUcfLV/EXTOW1E2qYxJKGGBUtNjN76FYHnMs36RmARn41bC0AZmn+rR0OVpQ=="],

    "process-nextick-args": ["process-nextick-args@2.0.1", "", {}, "sha512-3ouUOpQhtgrbOa17J7+uxOTpITYWaGP7/AhoR3+A+/1e9skrzelGi/dXzEYyvbxubEF6Wn2ypscTKiKJFFn1ag=="],

    "promise-limit": ["promise-limit@2.7.0", "", {}, "sha512-7nJ6v5lnJsXwGprnGXga4wx6d1POjvi5Qmf1ivTRxTjH4Z/9Czja/UCMLVmB9N93GeWOU93XaFaEt6jbuoagNw=="],

    "react": ["react@19.3.0", "", {}, "sha512-E8LUcbtBWt20bbl2YoHfx4ZDBdxVTfOKtCZn9cDSJ4l6/nuoApcpIBcj47t2wZoVX8g2ZHuMHbiShgCR1T5Sog=="],

    "react-dom": ["react-dom@19.3.0", "", { "dependencies": { "scheduler": "^0.28.0" }, "peerDependencies": { "react": "^19.3.0" } }, "sha512-JDk8dgif51OjFoDE70+OT9ICyYr+69HlmihNwp1+Nsfbna3t5sIiCa9ZJktDmQ4/1b/rn26hIAR2uYXDMr5r0Q=="],

    "readable-stream": ["readable-stream@2.3.8", "", { "dependencies": { "core-util-is": "~1.0.0", "inherits": "~2.0.3", "isarray": "~1.0.0", "process-nextick-args": "~2.0.0", "safe-buffer": "~5.1.1", "string_decoder": "~1.1.1", "util-deprecate": "~1.0.1" } }, "sha512-8p0AUk4XODgIewSi0l8Epjs+EVnWiK7NoDIEGU0HhE7+ZyY8D1IMY7odu5lRrFXGg71L15KG8QrPmum45RTtdA=="],

    "safe-buffer": ["safe-buffer@5.1.2", "", {}, "sha512-Gd2UZBJDkXlY7GbJxfsE8/nvKkUEU1G38c1siN6QP6a9PT9MmHB8GnpscSmMJSoF8LOIrt8ud/wPtojys4G6+g=="],

    "scheduler": ["scheduler@0.28.0", "", {}, "sha512-juorfCmIkIw8tT+p5BXSm6PJjQF/ycEYmKyzURCIt/RaZIhL+PulbQ9Yu2z1HdOJDdqDTlxA1+xKBmHXJsczAw=="],

    "semver": ["semver@7.8.5", "", { "bin": { "semver": "bin/semver.js" } }, "sha512-Y7/KDsb8LjooZpwaqGyulO6DQlksgCncchHGk+sZIY4SBvUocMBEFH5Ur1fI4dV+Jvl0w6cjvucaIi40puRioA=="],

    "setimmediate": ["setimmediate@1.0.5", "", {}, "sha512-MATJdZp8sLqDl/68LfQmbP8zKPLQNV6BIZoIgrscFDQ+RsvK/BxeDQOgyxKKoh0y/8h3BqVFnCqQ/gd+reiIXA=="],

    "sharp": ["sharp@0.35.4", "", { "dependencies": { "@img/colour": "^1.1.0", "detect-libc": "^2.1.2", "semver": "^7.8.5" }, "optionalDependencies": { "@img/sharp-darwin-arm64": "0.35.4", "@img/sharp-darwin-x64": "0.35.4", "@img/sharp-freebsd-wasm32": "0.35.4", "@img/sharp-libvips-darwin-arm64": "1.3.3", "@img/sharp-libvips-darwin-x64": "1.3.3", "@img/sharp-libvips-linux-arm": "1.3.3", "@img/sharp-libvips-linux-arm64": "1.3.3", "@img/sharp-libvips-linux-ppc64": "1.3.3", "@img/sharp-libvips-linux-riscv64": "1.3.3", "@img/sharp-libvips-linux-s390x": "1.3.3", "@img/sharp-libvips-linux-x64": "1.3.3", "@img/sharp-libvips-linuxmusl-arm64": "1.3.3", "@img/sharp-libvips-linuxmusl-x64": "1.3.3", "@img/sharp-linux-arm": "0.35.4", "@img/sharp-linux-arm64": "0.35.4", "@img/sharp-linux-ppc64": "0.35.4", "@img/sharp-linux-riscv64": "0.35.4", "@img/sharp-linux-s390x": "0.35.4", "@img/sharp-linux-x64": "0.35.4", "@img/sharp-linuxmusl-arm64": "0.35.4", "@img/sharp-linuxmusl-x64": "0.35.4", "@img/sharp-webcontainers-wasm32": "0.35.4", "@img/sharp-win32-arm64": "0.35.4", "@img/sharp-win32-ia32": "0.35.4", "@img/sharp-win32-x64": "0.35.4" }, "peerDependencies": { "@types/node": "*" }, "optionalPeers": ["@types/node"] }, "sha512-n++8XWcj+jCOr2IOl7h8LbKnGBDY4aPbmprMONBNFdn0ImXqpGVv5zliDs0V9HbmbCQLpbuo2ej9rAoOQTvMDA=="],

    "source-map-js": ["source-map-js@1.2.1", "", {}, "sha512-UXWMKhLOwVKb728IUtQPXxfYU+usdybtUrK/8uGE8CQMvrhOpwvzDBwj0QhSL7MQc7vIsISBG8VQ8+IDQxpfQA=="],

    "string_decoder": ["string_decoder@1.1.1", "", { "dependencies": { "safe-buffer": "~5.1.0" } }, "sha512-n/ShnvDi6FHbbVfviro+WojiFzv+s8MPMHBczVePfUpDJLwoLT0ht1l4YwBCbi8pJAveEEdnkHyPyTP/mzRfwg=="],

    "styled-jsx": ["styled-jsx@5.1.6", "", { "dependencies": { "client-only": "0.0.1" }, "peerDependencies": { "@babel/core": "*", "babel-plugin-macros": "*", "react": ">= 16.8.0 || 17.x.x || ^18.0.0-0 || ^19.0.0-0" }, "optionalPeers": ["@babel/core", "babel-plugin-macros"] }, "sha512-qSVyDTeMotdvQYoHWLNGwRFJHC+i+ZvdBRYosOFgC+Wg1vx4frN2/RG/NA7SYqqvKNLf39P2LSRA2pu6n0XYZA=="],

    "tslib": ["tslib@2.8.1", "", {}, "sha512-oJFu94HQb+KVduSUQL7wnpmqnfmLsOA/nAh6b6EH0wCEoK0/mPeXU6c3wKDV83MkOuHPRHtSXKKU99IBazS/2w=="],

    "type": ["type@2.7.3", "", {}, "sha512-8j+1QmAbPvLZow5Qpi6NCaN8FB60p/6x8/vfNqOk/hC+HuvFZhL4+WfekuhQLiqFZXOgQdrs3B+XxEmCc6b3FQ=="],

    "typescript": ["typescript@5.9.3", "", { "bin": { "tsc": "bin/tsc", "tsserver": "bin/tsserver" } }, "sha512-jl1vZzPDinLr9eUt3J/t7V6FgNEw9QjvBPdysz9KfQDD41fQrC2Y4vKQdiaUpFT4bXlb1RHhLpp8wtm6M5TgSw=="],

    "undici-types": ["undici-types@6.21.0", "", {}, "sha512-iwDZqg0QAGrg9Rav5H4n0M64c3mkR59cJ6wQp+7C4nI0gsmExaedaYLNO44eT4AtBBwjbTiGPMlt2Md0T9H9JQ=="],

    "util-deprecate": ["util-deprecate@1.0.2", "", {}, "sha512-EPD5q1uXyFxJpCrLnCc1nHnq3gOa6DZBocAIiI2TaSCA7VCJ1UJDMagCzIkXNsUYfD1daK//LTEQ8xiIbrHtcw=="],

    "web-streams-polyfill": ["web-streams-polyfill@3.3.3", "", {}, "sha512-d2JWLCivmZYTSIoge9MsgFCZrt571BikcWGYkjC1khllbTeDlGqZ2D8vD8E/lJa8WGWbb7Plm8/XJYV7IJHZZw=="],

    "ws": ["ws@8.21.3", "", { "peerDependencies": { "bufferutil": "^4.0.1", "utf-8-validate": ">=5.0.2" }, "optionalPeers": ["bufferutil", "utf-8-validate"] }, "sha512-201TZ/kPWxoPr/OKWjquZR1SWKXcvxdH+e1xrx89b3YbmzLMFCLfnaG1HFIgWzJOEWZ7MvpK++odZufgYR50Rw=="],

    "@types/ws/@types/node": ["@types/node@26.6.3", "", { "dependencies": { "undici-types": "~8.9.0" } }, "sha512-dsqMQQoeTLqu9wynDD00q573mNzso3IdQOAfHRJqLCcmCFPoGo9A1bDpUcv/9tnKpErQWv9uKeGfl37EIS02Yg=="],

    "localforage/lie": ["lie@3.1.1", "", { "dependencies": { "immediate": "~3.0.5" } }, "sha512-RiNhHysUjhrDQntfYSfY4MU24coXXdEOgw9WGcKHNeEwffDYbF//u87M1EWaMGzuFoSbqW0C9C6lEEhDOAswfw=="],

    "sharp/detect-libc": ["detect-libc@2.1.2", "", {}, "sha512-Btj2BOOO83o3WyH59e8MgXsxEQVcarkUOpEYrubB0urwnN10yQ364rsiByU11nZlqWYZm05i/of7io4mzihBtQ=="],

    "@types/ws/@types/node/undici-types": ["undici-types@8.9.0", "", {}, "sha512-KTDyRTYX8sWmKXAikPHHSyc63CRPETMctyjKFupcC6OBLXT3xsN0e9aF7m+mIXutFWpUXuedtowG7iLOzp0kQg=="],
  }
}
